
Microsoft Visual Studio Solution File, Format Version 12.00
# Visual Studio Version 17
VisualStudioVersion = 17.13.35825.156 d17.13
MinimumVisualStudioVersion = 10.0.40219.1
Project("{FAE04EC0-301F-11D3-BF4B-00C04F79EFBC}") = "SEMANA7", "SEMANA7\SEMANA7.csproj", "{C1A5E88E-6630-4F4C-ADB9-E02350C8FA9C}"
EndProject
Global
	GlobalSection(SolutionConfigurationPlatforms) = preSolution
		Debug|Any CPU = Debug|Any CPU
		Release|Any CPU = Release|Any CPU
	EndGlobalSection
	GlobalSection(ProjectConfigurationPlatforms) = postSolution
		{C1A5E88E-6630-4F4C-ADB9-E02350C8FA9C}.Debug|Any CPU.ActiveCfg = Debug|Any CPU
		{C1A5E88E-6630-4F4C-ADB9-E02350C8FA9C}.Debug|Any CPU.Build.0 = Debug|Any CPU
		{C1A5E88E-6630-4F4C-ADB9-E02350C8FA9C}.Release|Any CPU.ActiveCfg = Release|Any CPU
		{C1A5E88E-6630-4F4C-ADB9-E02350C8FA9C}.Release|Any CPU.Build.0 = Release|Any CPU
	EndGlobalSection
	GlobalSection(SolutionProperties) = preSolution
		HideSolutionNode = FALSE
	EndGlobalSection
	GlobalSection(ExtensibilityGlobals) = postSolution
		SolutionGuid = {E3F0275A-03AD-44CE-82BA-B4B5E9C20D64}
	EndGlobalSection
EndGlobal
