
Microsoft Visual Studio Solution File, Format Version 12.00
# Visual Studio Version 17
VisualStudioVersion = 17.13.35825.156 d17.13
MinimumVisualStudioVersion = 10.0.40219.1
Project("{FAE04EC0-301F-11D3-BF4B-00C04F79EFBC}") = "SEMANA 14", "SEMANA 14\SEMANA 14.csproj", "{CC6A7B38-76EF-4944-85BF-F878A84595DA}"
EndProject
Project("{FAE04EC0-301F-11D3-BF4B-00C04F79EFBC}") = "EJERCICIO 2", "EJERCICIO 2\EJERCICIO 2.csproj", "{2265D7D1-E041-4660-8F8D-EA80093A6180}"
EndProject
Global
	GlobalSection(SolutionConfigurationPlatforms) = preSolution
		Debug|Any CPU = Debug|Any CPU
		Release|Any CPU = Release|Any CPU
	EndGlobalSection
	GlobalSection(ProjectConfigurationPlatforms) = postSolution
		{CC6A7B38-76EF-4944-85BF-F878A84595DA}.Debug|Any CPU.ActiveCfg = Debug|Any CPU
		{CC6A7B38-76EF-4944-85BF-F878A84595DA}.Debug|Any CPU.Build.0 = Debug|Any CPU
		{CC6A7B38-76EF-4944-85BF-F878A84595DA}.Release|Any CPU.ActiveCfg = Release|Any CPU
		{CC6A7B38-76EF-4944-85BF-F878A84595DA}.Release|Any CPU.Build.0 = Release|Any CPU
		{2265D7D1-E041-4660-8F8D-EA80093A6180}.Debug|Any CPU.ActiveCfg = Debug|Any CPU
		{2265D7D1-E041-4660-8F8D-EA80093A6180}.Debug|Any CPU.Build.0 = Debug|Any CPU
		{2265D7D1-E041-4660-8F8D-EA80093A6180}.Release|Any CPU.ActiveCfg = Release|Any CPU
		{2265D7D1-E041-4660-8F8D-EA80093A6180}.Release|Any CPU.Build.0 = Release|Any CPU
	EndGlobalSection
	GlobalSection(SolutionProperties) = preSolution
		HideSolutionNode = FALSE
	EndGlobalSection
	GlobalSection(ExtensibilityGlobals) = postSolution
		SolutionGuid = {BBA21ED7-EDAC-4E4D-9A0D-51577B7E958E}
	EndGlobalSection
EndGlobal
